
Microsoft Visual Studio Solution File, Format Version 12.00
# Visual Studio Version 16
VisualStudioVersion = 16.0.33214.272
MinimumVisualStudioVersion = 10.0.40219.1
Project("{8BC9CEB8-8B4A-11D0-8D11-00A0C91BC942}") = "C语言学习3.14", "C语言学习3.14\C语言学习3.14.vcxproj", "{9132324B-2E12-4E66-8076-F3B7652A4AB5}"
EndProject
Global
	GlobalSection(SolutionConfigurationPlatforms) = preSolution
		Debug|x64 = Debug|x64
		Debug|x86 = Debug|x86
		Release|x64 = Release|x64
		Release|x86 = Release|x86
	EndGlobalSection
	GlobalSection(ProjectConfigurationPlatforms) = postSolution
		{9132324B-2E12-4E66-8076-F3B7652A4AB5}.Debug|x64.ActiveCfg = Debug|x64
		{9132324B-2E12-4E66-8076-F3B7652A4AB5}.Debug|x64.Build.0 = Debug|x64
		{9132324B-2E12-4E66-8076-F3B7652A4AB5}.Debug|x86.ActiveCfg = Debug|Win32
		{9132324B-2E12-4E66-8076-F3B7652A4AB5}.Debug|x86.Build.0 = Debug|Win32
		{9132324B-2E12-4E66-8076-F3B7652A4AB5}.Release|x64.ActiveCfg = Release|x64
		{9132324B-2E12-4E66-8076-F3B7652A4AB5}.Release|x64.Build.0 = Release|x64
		{9132324B-2E12-4E66-8076-F3B7652A4AB5}.Release|x86.ActiveCfg = Release|Win32
		{9132324B-2E12-4E66-8076-F3B7652A4AB5}.Release|x86.Build.0 = Release|Win32
	EndGlobalSection
	GlobalSection(SolutionProperties) = preSolution
		HideSolutionNode = FALSE
	EndGlobalSection
	GlobalSection(ExtensibilityGlobals) = postSolution
		SolutionGuid = {A181D654-D765-4E85-9B00-72B499E44B6B}
	EndGlobalSection
EndGlobal
